
Microsoft Visual Studio Solution File, Format Version 12.00
# Visual Studio 2013
VisualStudioVersion = 12.0.21005.1
MinimumVisualStudioVersion = 10.0.40219.1
Project("{FAE04EC0-301F-11D3-BF4B-00C04F79EFBC}") = "Pattern1", "Pattern1\Pattern1.csproj", "{C7E3F67D-9F22-490D-B5B0-E48B1EFEF4C2}"
EndProject
Project("{FAE04EC0-301F-11D3-BF4B-00C04F79EFBC}") = "Pattern-2", "Pattern-2\Pattern-2.csproj", "{9C2877A0-BD5A-4614-A258-F23DADCBA366}"
EndProject
Global
	GlobalSection(SolutionConfigurationPlatforms) = preSolution
		Debug|Any CPU = Debug|Any CPU
		Release|Any CPU = Release|Any CPU
	EndGlobalSection
	GlobalSection(ProjectConfigurationPlatforms) = postSolution
		{C7E3F67D-9F22-490D-B5B0-E48B1EFEF4C2}.Debug|Any CPU.ActiveCfg = Debug|Any CPU
		{C7E3F67D-9F22-490D-B5B0-E48B1EFEF4C2}.Debug|Any CPU.Build.0 = Debug|Any CPU
		{C7E3F67D-9F22-490D-B5B0-E48B1EFEF4C2}.Release|Any CPU.ActiveCfg = Release|Any CPU
		{C7E3F67D-9F22-490D-B5B0-E48B1EFEF4C2}.Release|Any CPU.Build.0 = Release|Any CPU
		{9C2877A0-BD5A-4614-A258-F23DADCBA366}.Debug|Any CPU.ActiveCfg = Debug|Any CPU
		{9C2877A0-BD5A-4614-A258-F23DADCBA366}.Debug|Any CPU.Build.0 = Debug|Any CPU
		{9C2877A0-BD5A-4614-A258-F23DADCBA366}.Release|Any CPU.ActiveCfg = Release|Any CPU
		{9C2877A0-BD5A-4614-A258-F23DADCBA366}.Release|Any CPU.Build.0 = Release|Any CPU
	EndGlobalSection
	GlobalSection(SolutionProperties) = preSolution
		HideSolutionNode = FALSE
	EndGlobalSection
EndGlobal
